{
  "name": "tms-koa",
  "version": "0.2.14",
  "lockfileVersion": 3,
  "requires": true,
  "packages": {
    "": {
      "name": "tms-koa",
      "version": "0.2.14",
      "license": "MIT",
      "dependencies": {
        "@koa/cors": "^4.0.0",
        "@koa/router": "^12.0.1",
        "@log4js-node/log4js-api": "^1.0.2",
        "agenda": "^5.0.0",
        "dayjs": "^1.11.7",
        "debug": "^4.3.4",
        "dotenv-flow": "^4.0.0",
        "fs-extra": "^11.1.1",
        "glob": "^10.3.4",
        "jsonwebtoken": "^9.0.2",
        "koa": "^2.14.2",
        "koa-body": "^6.0.1",
        "koa-send": "^5.0.0",
        "koa-static": "^5.0.0",
        "lodash": "^4.17.15",
        "minio": "^7.0.33",
        "mongodb": "5.6.0",
        "prom-client": "^15.0.0",
        "socket.io": "^4.7.2",
        "swagger-jsdoc": "^6.2.0",
        "uuid": "^9.0.0"
      },
      "devDependencies": {
        "@types/formidable": "^3.4.2",
        "@types/koa": "^2.13.8",
        "@types/minio": "^7.0.18",
        "@types/node": "^20.5.9",
        "jest": "^29.7.0",
        "rimraf": "^5.0.1"
      },
      "peerDependencies": {
        "neo4j-driver": "^4.4.2",
        "redis": "^4.6.10"
      }
    },
    "../../node_modules/.pnpm/@koa+cors@4.0.0/node_modules/@koa/cors": {
      "version": "4.0.0",
      "license": "MIT",
      "dependencies": {
        "vary": "^1.1.2"
      },
      "devDependencies": {
        "egg-ci": "^2.1.0",
        "eslint": "^8.25.0",
        "eslint-config-egg": "^12.0.0",
        "git-contributor": "^1.0.10",
        "istanbul": "*",
        "koa": "^2.5.1",
        "mocha": "^3.5.3",
        "supertest": "^3.1.0"
      },
      "engines": {
        "node": ">= 14.0.0"
      }
    },
    "../../node_modules/.pnpm/@koa+router@12.0.1/node_modules/@koa/router": {
      "version": "12.0.1",
      "license": "MIT",
      "dependencies": {
        "debug": "^4.3.4",
        "http-errors": "^2.0.0",
        "koa-compose": "^4.1.0",
        "methods": "^1.1.2",
        "path-to-regexp": "^6.2.1"
      },
      "devDependencies": {
        "@commitlint/cli": "^17.7.2",
        "@commitlint/config-conventional": "^17.7.0",
        "@ladjs/env": "^4.0.0",
        "ava": "^5.3.1",
        "cross-env": "^7.0.3",
        "eslint": "8.39.0",
        "eslint-config-xo-lass": "^2.0.1",
        "expect.js": "^0.3.1",
        "fixpack": "^4.0.0",
        "husky": "^8.0.3",
        "jsdoc-to-markdown": "^8.0.0",
        "koa": "^2.14.2",
        "lint-staged": "^14.0.1",
        "mocha": "^10.2.0",
        "nyc": "^15.1.0",
        "remark-cli": "11",
        "remark-preset-github": "^4.0.4",
        "should": "^13.2.3",
        "supertest": "^6.3.3",
        "wrk": "^1.2.1",
        "xo": "0.53.1"
      },
      "engines": {
        "node": ">= 12"
      }
    },
    "../../node_modules/.pnpm/@log4js-node+log4js-api@1.0.2/node_modules/@log4js-node/log4js-api": {
      "version": "1.0.2",
      "license": "Apache-2.0",
      "devDependencies": {
        "codecov": "^2.2.0",
        "eslint": "^4.0.0",
        "husky": "^0.14.0",
        "nyc": "^11.0.2",
        "sandboxed-module": "^2.0.3",
        "tap": "^10.5.2",
        "validate-commit-msg": "^2.12.2"
      }
    },
    "../../node_modules/.pnpm/@types+formidable@3.4.2/node_modules/@types/formidable": {
      "version": "3.4.2",
      "dev": true,
      "license": "MIT",
      "dependencies": {
        "@types/node": "*"
      }
    },
    "../../node_modules/.pnpm/@types+koa@2.13.8/node_modules/@types/koa": {
      "version": "2.13.8",
      "dev": true,
      "license": "MIT",
      "dependencies": {
        "@types/accepts": "*",
        "@types/content-disposition": "*",
        "@types/cookies": "*",
        "@types/http-assert": "*",
        "@types/http-errors": "*",
        "@types/keygrip": "*",
        "@types/koa-compose": "*",
        "@types/node": "*"
      }
    },
    "../../node_modules/.pnpm/@types+minio@7.0.18/node_modules/@types/minio": {
      "version": "7.0.18",
      "dev": true,
      "license": "MIT",
      "dependencies": {
        "@types/node": "*"
      }
    },
    "../../node_modules/.pnpm/@types+node@20.5.9/node_modules/@types/node": {
      "version": "20.5.9",
      "dev": true,
      "license": "MIT"
    },
    "../../node_modules/.pnpm/agenda@5.0.0/node_modules/agenda": {
      "version": "5.0.0",
      "license": "MIT",
      "dependencies": {
        "cron-parser": "^3.5.0",
        "date.js": "~0.3.3",
        "debug": "~4.3.4",
        "human-interval": "~2.0.1",
        "moment-timezone": "~0.5.37",
        "mongodb": "^4.11.0"
      },
      "devDependencies": {
        "@types/debug": "4.1.5",
        "@types/human-interval": "1.0.0",
        "@typescript-eslint/eslint-plugin": "4.29.0",
        "@typescript-eslint/parser": "4.29.0",
        "blanket": "1.2.3",
        "coveralls": "3.1.1",
        "delay": "5.0.0",
        "eslint": "7.32.0",
        "eslint-config-prettier": "8.3.0",
        "esm": "3.2.25",
        "expect.js": "0.3.1",
        "husky": "5.2.0",
        "jsdoc": "3.6.7",
        "jsdoc-template": "https://github.com/braintree/jsdoc-template",
        "lint-staged": "10.5.4",
        "mocha": "8.4.0",
        "mocha-lcov-reporter": "1.3.0",
        "mongodb-memory-server": "7.3.4",
        "prettier": "2.3.2",
        "sinon": "11.1.2",
        "typescript": "4.3.5"
      },
      "engines": {
        "node": ">=12.9.0"
      }
    },
    "../../node_modules/.pnpm/dayjs@1.11.7/node_modules/dayjs": {
      "version": "1.11.7",
      "license": "MIT",
      "devDependencies": {
        "@babel/cli": "^7.0.0-beta.44",
        "@babel/core": "^7.0.0-beta.44",
        "@babel/node": "^7.0.0-beta.44",
        "@babel/preset-env": "^7.0.0-beta.44",
        "babel-core": "^7.0.0-bridge.0",
        "babel-jest": "^22.4.3",
        "babel-plugin-external-helpers": "^6.22.0",
        "cross-env": "^5.1.6",
        "eslint": "^4.19.1",
        "eslint-config-airbnb-base": "^12.1.0",
        "eslint-plugin-import": "^2.10.0",
        "eslint-plugin-jest": "^21.15.0",
        "gzip-size-cli": "^2.1.0",
        "jasmine-core": "^2.99.1",
        "jest": "^22.4.3",
        "karma": "^2.0.2",
        "karma-jasmine": "^1.1.2",
        "karma-sauce-launcher": "^1.1.0",
        "mockdate": "^2.0.2",
        "moment": "2.29.2",
        "moment-timezone": "0.5.31",
        "ncp": "^2.0.0",
        "pre-commit": "^1.2.2",
        "prettier": "^1.16.1",
        "rollup": "^2.45.1",
        "rollup-plugin-babel": "^4.4.0",
        "rollup-plugin-terser": "^7.0.2",
        "size-limit": "^0.18.0",
        "typescript": "^2.8.3"
      }
    },
    "../../node_modules/.pnpm/debug@4.3.4/node_modules/debug": {
      "version": "4.3.4",
      "license": "MIT",
      "dependencies": {
        "ms": "2.1.2"
      },
      "devDependencies": {
        "brfs": "^2.0.1",
        "browserify": "^16.2.3",
        "coveralls": "^3.0.2",
        "istanbul": "^0.4.5",
        "karma": "^3.1.4",
        "karma-browserify": "^6.0.0",
        "karma-chrome-launcher": "^2.2.0",
        "karma-mocha": "^1.3.0",
        "mocha": "^5.2.0",
        "mocha-lcov-reporter": "^1.2.0",
        "xo": "^0.23.0"
      },
      "engines": {
        "node": ">=6.0"
      },
      "peerDependenciesMeta": {
        "supports-color": {
          "optional": true
        }
      }
    },
    "../../node_modules/.pnpm/dotenv-flow@4.0.0/node_modules/dotenv-flow": {
      "version": "4.0.0",
      "license": "MIT",
      "dependencies": {
        "dotenv": "^16.0.0"
      },
      "devDependencies": {
        "@types/node": "^20.6.2",
        "chai": "^4.3.7",
        "conventional-changelog-cli": "^2.0.35",
        "mocha": "^10.2.0",
        "sinon": "^15.2.0",
        "sinon-chai": "^3.7.0",
        "tmp": "^0.2.1",
        "typescript": "^5.2.2"
      },
      "engines": {
        "node": ">= 12.0.0"
      }
    },
    "../../node_modules/.pnpm/fs-extra@11.1.1/node_modules/fs-extra": {
      "version": "11.1.1",
      "license": "MIT",
      "dependencies": {
        "graceful-fs": "^4.2.0",
        "jsonfile": "^6.0.1",
        "universalify": "^2.0.0"
      },
      "devDependencies": {
        "klaw": "^2.1.1",
        "klaw-sync": "^3.0.2",
        "minimist": "^1.1.1",
        "mocha": "^10.1.0",
        "nyc": "^15.0.0",
        "proxyquire": "^2.0.1",
        "read-dir-files": "^0.1.1",
        "standard": "^17.0.0"
      },
      "engines": {
        "node": ">=14.14"
      }
    },
    "../../node_modules/.pnpm/glob@10.3.4/node_modules/glob": {
      "version": "10.3.4",
      "license": "ISC",
      "dependencies": {
        "foreground-child": "^3.1.0",
        "jackspeak": "^2.0.3",
        "minimatch": "^9.0.1",
        "minipass": "^5.0.0 || ^6.0.2 || ^7.0.0",
        "path-scurry": "^1.10.1"
      },
      "bin": {
        "glob": "dist/cjs/src/bin.js"
      },
      "devDependencies": {
        "@types/node": "^20.3.2",
        "@types/tap": "^15.0.7",
        "c8": "^7.12.0",
        "memfs": "^3.4.13",
        "mkdirp": "^2.1.4",
        "prettier": "^2.8.3",
        "rimraf": "^4.1.3",
        "sync-content": "^1.0.2",
        "tap": "^16.3.4",
        "ts-node": "^10.9.1",
        "typedoc": "^0.23.24",
        "typescript": "^4.9.4"
      },
      "engines": {
        "node": ">=16 || 14 >=14.17"
      },
      "funding": {
        "url": "https://github.com/sponsors/isaacs"
      }
    },
    "../../node_modules/.pnpm/jest@29.7.0_@types+node@20.5.9/node_modules/jest": {
      "version": "29.7.0",
      "dev": true,
      "license": "MIT",
      "dependencies": {
        "@jest/core": "^29.7.0",
        "@jest/types": "^29.6.3",
        "import-local": "^3.0.2",
        "jest-cli": "^29.7.0"
      },
      "bin": {
        "jest": "bin/jest.js"
      },
      "devDependencies": {
        "@tsd/typescript": "^5.0.4",
        "tsd-lite": "^0.7.0"
      },
      "engines": {
        "node": "^14.15.0 || ^16.10.0 || >=18.0.0"
      },
      "peerDependencies": {
        "node-notifier": "^8.0.1 || ^9.0.0 || ^10.0.0"
      },
      "peerDependenciesMeta": {
        "node-notifier": {
          "optional": true
        }
      }
    },
    "../../node_modules/.pnpm/jsonwebtoken@9.0.2/node_modules/jsonwebtoken": {
      "version": "9.0.2",
      "license": "MIT",
      "dependencies": {
        "jws": "^3.2.2",
        "lodash.includes": "^4.3.0",
        "lodash.isboolean": "^3.0.3",
        "lodash.isinteger": "^4.0.4",
        "lodash.isnumber": "^3.0.3",
        "lodash.isplainobject": "^4.0.6",
        "lodash.isstring": "^4.0.1",
        "lodash.once": "^4.0.0",
        "ms": "^2.1.1",
        "semver": "^7.5.4"
      },
      "devDependencies": {
        "atob": "^2.1.2",
        "chai": "^4.1.2",
        "conventional-changelog": "~1.1.0",
        "cost-of-modules": "^1.0.1",
        "eslint": "^4.19.1",
        "mocha": "^5.2.0",
        "nsp": "^2.6.2",
        "nyc": "^11.9.0",
        "sinon": "^6.0.0"
      },
      "engines": {
        "node": ">=12",
        "npm": ">=6"
      }
    },
    "../../node_modules/.pnpm/koa-body@6.0.1/node_modules/koa-body": {
      "version": "6.0.1",
      "license": "MIT",
      "dependencies": {
        "@types/co-body": "^6.1.0",
        "@types/formidable": "^2.0.5",
        "@types/koa": "^2.13.5",
        "co-body": "^6.1.0",
        "formidable": "^2.0.1",
        "zod": "^3.19.1"
      },
      "devDependencies": {
        "@types/koa-router": "^7.4.4",
        "@types/mocha": "^10.0.0",
        "@types/sinon": "^10.0.13",
        "@types/supertest": "^2.0.12",
        "koa": "^2.13.4",
        "koa-router": "^12.0.0",
        "mocha": "10.1.0",
        "prettier": "^2.7.1",
        "rimraf": "^3.0.2",
        "should": "13.2.3",
        "sinon": "^14.0.1",
        "supertest": "6.3.0",
        "ts-node": "^10.9.1",
        "typescript": "^4.8.4"
      }
    },
    "../../node_modules/.pnpm/koa-send@5.0.1/node_modules/koa-send": {
      "version": "5.0.1",
      "license": "MIT",
      "dependencies": {
        "debug": "^4.1.1",
        "http-errors": "^1.7.3",
        "resolve-path": "^1.4.0"
      },
      "devDependencies": {
        "eslint": "^4.19.1",
        "eslint-config-standard": "^11.0.0",
        "eslint-plugin-import": "^2.12.0",
        "eslint-plugin-node": "^6.0.1",
        "eslint-plugin-promise": "^3.8.0",
        "eslint-plugin-standard": "^3.1.0",
        "iltorb": "^2.3.2",
        "koa": "^2.5.1",
        "mocha": "^5.2.0",
        "nyc": "^15.0.0",
        "should": "^13.2.1",
        "supertest": "^3.1.0"
      },
      "engines": {
        "node": ">= 8"
      }
    },
    "../../node_modules/.pnpm/koa-static@5.0.0/node_modules/koa-static": {
      "version": "5.0.0",
      "license": "MIT",
      "dependencies": {
        "debug": "^3.1.0",
        "koa-send": "^5.0.0"
      },
      "devDependencies": {
        "eslint": "^4.19.1",
        "eslint-config-standard": "^11.0.0",
        "eslint-plugin-import": "^2.12.0",
        "eslint-plugin-node": "^6.0.1",
        "eslint-plugin-promise": "^3.8.0",
        "eslint-plugin-standard": "^3.1.0",
        "istanbul": "^0.4.5",
        "koa": "^2.5.1",
        "mocha": "^5.2.0",
        "supertest": "^3.1.0"
      },
      "engines": {
        "node": ">= 7.6.0"
      }
    },
    "../../node_modules/.pnpm/koa@2.14.2/node_modules/koa": {
      "version": "2.14.2",
      "license": "MIT",
      "dependencies": {
        "accepts": "^1.3.5",
        "cache-content-type": "^1.0.0",
        "content-disposition": "~0.5.2",
        "content-type": "^1.0.4",
        "cookies": "~0.8.0",
        "debug": "^4.3.2",
        "delegates": "^1.0.0",
        "depd": "^2.0.0",
        "destroy": "^1.0.4",
        "encodeurl": "^1.0.2",
        "escape-html": "^1.0.3",
        "fresh": "~0.5.2",
        "http-assert": "^1.3.0",
        "http-errors": "^1.6.3",
        "is-generator-function": "^1.0.7",
        "koa-compose": "^4.1.0",
        "koa-convert": "^2.0.0",
        "on-finished": "^2.3.0",
        "only": "~0.0.2",
        "parseurl": "^1.3.2",
        "statuses": "^1.5.0",
        "type-is": "^1.6.16",
        "vary": "^1.1.2"
      },
      "devDependencies": {
        "eslint": "^7.32.0",
        "eslint-config-koa": "^2.0.0",
        "eslint-config-standard": "^16.0.3",
        "eslint-plugin-import": "^2.18.2",
        "eslint-plugin-node": "^11.1.0",
        "eslint-plugin-promise": "^5.1.0",
        "eslint-plugin-standard": "^5.0.0",
        "gen-esm-wrapper": "^1.0.6",
        "jest": "^27.0.6",
        "supertest": "^3.1.0"
      },
      "engines": {
        "node": "^4.8.4 || ^6.10.1 || ^7.10.1 || >= 8.1.4"
      }
    },
    "../../node_modules/.pnpm/lodash@4.17.21/node_modules/lodash": {
      "version": "4.17.21",
      "license": "MIT"
    },
    "../../node_modules/.pnpm/minio@7.0.33/node_modules/minio": {
      "version": "7.0.33",
      "license": "Apache-2.0",
      "dependencies": {
        "async": "^3.1.0",
        "block-stream2": "^2.0.0",
        "browser-or-node": "^1.3.0",
        "buffer-crc32": "^0.2.13",
        "crypto-browserify": "^3.12.0",
        "es6-error": "^4.1.1",
        "fast-xml-parser": "^4.1.3",
        "ipaddr.js": "^2.0.1",
        "json-stream": "^1.0.0",
        "lodash": "^4.17.21",
        "mime-types": "^2.1.14",
        "mkdirp": "^0.5.1",
        "query-string": "^7.1.1",
        "through2": "^3.0.1",
        "web-encoding": "^1.1.5",
        "xml": "^1.0.0",
        "xml2js": "^0.4.15"
      },
      "devDependencies": {
        "@babel/core": "^7.12.10",
        "@babel/preset-env": "^7.12.10",
        "babelify": "^10.0.0",
        "browserify": "^16.5.2",
        "chai": "^4.2.0",
        "eslint": "^8.9.0",
        "gulp": "^4.0.2",
        "gulp-babel": "^8.0.0",
        "gulp-eslint": "^4.0.2",
        "gulp-if": "^3.0.0",
        "gulp-mocha": "^8.0.0",
        "gulp-sourcemaps": "^2.6.5",
        "mocha": "^9.2.0",
        "mocha-steps": "^1.1.0",
        "nock": "^13.2.2",
        "source-map-support": "^0.5.13",
        "split-file": "^2.2.2",
        "superagent": "^5.1.0",
        "uuid": "^3.3.2"
      },
      "engines": {
        "node": ">8  <=19"
      }
    },
    "../../node_modules/.pnpm/mongodb@5.6.0/node_modules/mongodb": {
      "version": "5.6.0",
      "license": "Apache-2.0",
      "dependencies": {
        "bson": "^5.3.0",
        "mongodb-connection-string-url": "^2.6.0",
        "socks": "^2.7.1"
      },
      "devDependencies": {
        "@iarna/toml": "^2.2.5",
        "@istanbuljs/nyc-config-typescript": "^1.0.2",
        "@microsoft/api-extractor": "^7.34.8",
        "@microsoft/tsdoc-config": "^0.16.2",
        "@mongodb-js/zstd": "^1.1.0",
        "@types/chai": "^4.3.5",
        "@types/chai-subset": "^1.3.3",
        "@types/express": "^4.17.17",
        "@types/kerberos": "^1.1.2",
        "@types/mocha": "^10.0.1",
        "@types/node": "^20.1.0",
        "@types/saslprep": "^1.0.1",
        "@types/semver": "^7.5.0",
        "@types/sinon": "^10.0.14",
        "@types/sinon-chai": "^3.2.9",
        "@types/whatwg-url": "^11.0.0",
        "@typescript-eslint/eslint-plugin": "^5.59.5",
        "@typescript-eslint/parser": "^5.59.5",
        "chai": "^4.3.7",
        "chai-subset": "^1.6.0",
        "chalk": "^4.1.2",
        "eslint": "^8.40.0",
        "eslint-config-prettier": "^8.8.0",
        "eslint-plugin-import": "^2.27.5",
        "eslint-plugin-prettier": "^4.2.1",
        "eslint-plugin-simple-import-sort": "^10.0.0",
        "eslint-plugin-tsdoc": "^0.2.17",
        "express": "^4.18.2",
        "js-yaml": "^4.1.0",
        "mocha": "^10.2.0",
        "mocha-sinon": "^2.1.2",
        "mongodb-legacy": "^5.0.0",
        "nyc": "^15.1.0",
        "prettier": "^2.8.8",
        "semver": "^7.5.0",
        "sinon": "^15.0.4",
        "sinon-chai": "^3.7.0",
        "snappy": "^7.2.2",
        "source-map-support": "^0.5.21",
        "standard-version": "^9.5.0",
        "ts-node": "^10.9.1",
        "tsd": "^0.27.0",
        "typescript": "^4.9.5",
        "typescript-cached-transpile": "^0.0.6",
        "v8-heapsnapshot": "^1.2.0",
        "yargs": "^17.7.2"
      },
      "engines": {
        "node": ">=14.20.1"
      },
      "optionalDependencies": {
        "saslprep": "^1.0.3"
      },
      "peerDependencies": {
        "@aws-sdk/credential-providers": "^3.201.0",
        "mongodb-client-encryption": ">=2.3.0 <3",
        "snappy": "^7.2.2"
      },
      "peerDependenciesMeta": {
        "@aws-sdk/credential-providers": {
          "optional": true
        },
        "mongodb-client-encryption": {
          "optional": true
        },
        "snappy": {
          "optional": true
        }
      }
    },
    "../../node_modules/.pnpm/neo4j-driver@4.4.2/node_modules/neo4j-driver": {
      "version": "4.4.2",
      "license": "Apache-2.0",
      "peer": true,
      "dependencies": {
        "@babel/runtime": "^7.5.5",
        "neo4j-driver-bolt-connection": "^4.4.2",
        "neo4j-driver-core": "^4.4.2",
        "rxjs": "^6.6.3"
      },
      "devDependencies": {
        "@babel/core": "^7.5.5",
        "@babel/plugin-transform-runtime": "^7.5.5",
        "@babel/preset-env": "^7.5.5",
        "@babel/register": "^7.5.5",
        "@istanbuljs/nyc-config-babel": "^2.1.1",
        "async": "^3.2.1",
        "babel-eslint": "^10.0.3",
        "babel-plugin-istanbul": "^5.2.0",
        "babelify": "^10.0.0",
        "browserify": "^16.5.0",
        "browserify-transform-tools": "^1.7.0",
        "esdoc": "^1.1.0",
        "esdoc-importpath-plugin": "^1.0.2",
        "esdoc-standard-plugin": "^1.0.0",
        "eslint": "^6.8.0",
        "eslint-config-standard": "^14.1.1",
        "eslint-plugin-import": "^2.25.2",
        "eslint-plugin-jasmine": "^2.10.1",
        "eslint-plugin-node": "^9.2.0",
        "eslint-plugin-promise": "^4.2.1",
        "eslint-plugin-standard": "^4.0.1",
        "fancy-log": "^1.3.3",
        "fs-extra": "^8.1.0",
        "gulp": "^4.0.2",
        "gulp-babel": "^8.0.0",
        "gulp-batch": "^1.0.5",
        "gulp-decompress": "^2.0.3",
        "gulp-download": "^0.0.1",
        "gulp-file": "^0.4.0",
        "gulp-install": "^1.1.0",
        "gulp-jasmine": "^4.0.0",
        "gulp-replace": "^1.1.3",
        "gulp-typescript": "^5.0.1",
        "gulp-uglify": "^3.0.2",
        "gulp-watch": "^5.0.1",
        "husky": "^3.1.0",
        "istanbul": "^0.4.5",
        "jasmine-spec-reporter": "^4.2.1",
        "karma": "^4.4.1",
        "karma-browserify": "^6.1.0",
        "karma-chrome-launcher": "^3.1.0",
        "karma-edge-launcher": "^0.4.2",
        "karma-firefox-launcher": "^1.3.0",
        "karma-ie-launcher": "^1.0.0",
        "karma-jasmine": "^2.0.1",
        "karma-source-map-support": "^1.4.0",
        "karma-spec-reporter": "^0.0.32",
        "lint-staged": "^9.5.0",
        "lodash": "^4.17.20",
        "lolex": "^4.2.0",
        "minimist": "^1.2.5",
        "mustache": "^3.2.1",
        "nyc": "^14.1.1",
        "prettier-eslint": "^9.0.2",
        "prettier-eslint-cli": "^5.0.0",
        "run-sequence": "^2.2.1",
        "semver": "^6.3.0",
        "tmp": "0.1.0",
        "typescript": "^3.9.10",
        "vinyl-buffer": "^1.0.1",
        "vinyl-source-stream": "^2.0.0",
        "webpack": "^4.44.2"
      }
    },
    "../../node_modules/.pnpm/prom-client@15.0.0/node_modules/prom-client": {
      "version": "15.0.0",
      "license": "Apache-2.0",
      "dependencies": {
        "@opentelemetry/api": "^1.4.0",
        "tdigest": "^0.1.1"
      },
      "devDependencies": {
        "@clevernature/benchmark-regression": "^1.0.0",
        "eslint": "^8.32.0",
        "eslint-config-prettier": "^8.6.0",
        "eslint-plugin-node": "^11.0.0",
        "eslint-plugin-prettier": "^4.2.1",
        "express": "^4.13.3",
        "husky": "^8.0.3",
        "jest": "^29.3.1",
        "lint-staged": "^13.1.0",
        "nock": "^13.0.5",
        "prettier": "2.8.8",
        "typescript": "^5.0.4"
      },
      "engines": {
        "node": "^16 || ^18 || >=20"
      }
    },
    "../../node_modules/.pnpm/redis@4.6.10/node_modules/redis": {
      "version": "4.6.10",
      "license": "MIT",
      "peer": true,
      "workspaces": [
        "./packages/*"
      ],
      "dependencies": {
        "@redis/bloom": "1.2.0",
        "@redis/client": "1.5.11",
        "@redis/graph": "1.1.0",
        "@redis/json": "1.0.6",
        "@redis/search": "1.1.5",
        "@redis/time-series": "1.0.5"
      },
      "devDependencies": {
        "@tsconfig/node14": "^14.1.0",
        "gh-pages": "^6.0.0",
        "release-it": "^16.1.5",
        "typescript": "^5.2.2"
      }
    },
    "../../node_modules/.pnpm/rimraf@5.0.1/node_modules/rimraf": {
      "version": "5.0.1",
      "dev": true,
      "license": "ISC",
      "dependencies": {
        "glob": "^10.2.5"
      },
      "bin": {
        "rimraf": "dist/cjs/src/bin.js"
      },
      "devDependencies": {
        "@types/node": "^18.11.9",
        "@types/tap": "^15.0.7",
        "c8": "^7.12.0",
        "eslint-config-prettier": "^8.6.0",
        "mkdirp": "^3.0.0",
        "prettier": "^2.8.2",
        "tap": "^16.3.4",
        "ts-node": "^10.9.1",
        "typedoc": "^0.23.21",
        "typescript": "^5.0.4"
      },
      "engines": {
        "node": ">=14"
      },
      "funding": {
        "url": "https://github.com/sponsors/isaacs"
      }
    },
    "../../node_modules/.pnpm/socket.io@4.7.2/node_modules/socket.io": {
      "version": "4.7.2",
      "license": "MIT",
      "dependencies": {
        "accepts": "~1.3.4",
        "base64id": "~2.0.0",
        "cors": "~2.8.5",
        "debug": "~4.3.2",
        "engine.io": "~6.5.2",
        "socket.io-adapter": "~2.5.2",
        "socket.io-parser": "~4.2.4"
      },
      "devDependencies": {
        "@types/mocha": "^9.0.0",
        "expect.js": "0.3.1",
        "mocha": "^10.0.0",
        "nyc": "^15.1.0",
        "prettier": "^2.3.2",
        "rimraf": "^3.0.2",
        "socket.io-client": "4.7.2",
        "socket.io-client-v2": "npm:socket.io-client@^2.4.0",
        "superagent": "^8.0.0",
        "supertest": "^6.1.6",
        "ts-node": "^10.2.1",
        "tsd": "^0.21.0",
        "typescript": "^4.4.2",
        "uWebSockets.js": "github:uNetworking/uWebSockets.js#v20.30.0"
      },
      "engines": {
        "node": ">=10.2.0"
      }
    },
    "../../node_modules/.pnpm/swagger-jsdoc@6.2.1_openapi-types@12.1.0/node_modules/swagger-jsdoc": {
      "version": "6.2.1",
      "license": "MIT",
      "dependencies": {
        "commander": "6.2.0",
        "doctrine": "3.0.0",
        "glob": "7.1.6",
        "lodash.mergewith": "^4.6.2",
        "swagger-parser": "10.0.2",
        "yaml": "2.0.0-1"
      },
      "bin": {
        "swagger-jsdoc": "bin/swagger-jsdoc.js"
      },
      "devDependencies": {
        "body-parser": "1.19.0",
        "eslint": "8.9.0",
        "eslint-config-airbnb-base": "15.0.0",
        "eslint-config-prettier": "6.15.0",
        "eslint-loader": "4.0.2",
        "eslint-plugin-import": "2.25.4",
        "eslint-plugin-jest": "26.1.1",
        "eslint-plugin-prettier": "3.1.4",
        "express": "4.17.1",
        "husky": "7.0.4",
        "jest": "^26.6.1",
        "lint-staged": "10.5.2",
        "npm-run-all": "4.1.5",
        "prettier": "2.2.0",
        "supertest": "6.0.1"
      },
      "engines": {
        "node": ">=12.0.0"
      }
    },
    "../../node_modules/.pnpm/uuid@9.0.0/node_modules/uuid": {
      "version": "9.0.0",
      "license": "MIT",
      "bin": {
        "uuid": "dist/bin/uuid"
      },
      "devDependencies": {
        "@babel/cli": "7.18.10",
        "@babel/core": "7.18.10",
        "@babel/eslint-parser": "7.18.9",
        "@babel/preset-env": "7.18.10",
        "@commitlint/cli": "17.0.3",
        "@commitlint/config-conventional": "17.0.3",
        "bundlewatch": "0.3.3",
        "eslint": "8.21.0",
        "eslint-config-prettier": "8.5.0",
        "eslint-config-standard": "17.0.0",
        "eslint-plugin-import": "2.26.0",
        "eslint-plugin-node": "11.1.0",
        "eslint-plugin-prettier": "4.2.1",
        "eslint-plugin-promise": "6.0.0",
        "husky": "8.0.1",
        "jest": "28.1.3",
        "lint-staged": "13.0.3",
        "npm-run-all": "4.1.5",
        "optional-dev-dependency": "2.0.1",
        "prettier": "2.7.1",
        "random-seed": "0.3.0",
        "runmd": "1.3.6",
        "standard-version": "9.5.0"
      }
    },
    "node_modules/@koa/cors": {
      "resolved": "../../node_modules/.pnpm/@koa+cors@4.0.0/node_modules/@koa/cors",
      "link": true
    },
    "node_modules/@koa/router": {
      "resolved": "../../node_modules/.pnpm/@koa+router@12.0.1/node_modules/@koa/router",
      "link": true
    },
    "node_modules/@log4js-node/log4js-api": {
      "resolved": "../../node_modules/.pnpm/@log4js-node+log4js-api@1.0.2/node_modules/@log4js-node/log4js-api",
      "link": true
    },
    "node_modules/@types/formidable": {
      "resolved": "../../node_modules/.pnpm/@types+formidable@3.4.2/node_modules/@types/formidable",
      "link": true
    },
    "node_modules/@types/koa": {
      "resolved": "../../node_modules/.pnpm/@types+koa@2.13.8/node_modules/@types/koa",
      "link": true
    },
    "node_modules/@types/minio": {
      "resolved": "../../node_modules/.pnpm/@types+minio@7.0.18/node_modules/@types/minio",
      "link": true
    },
    "node_modules/@types/node": {
      "resolved": "../../node_modules/.pnpm/@types+node@20.5.9/node_modules/@types/node",
      "link": true
    },
    "node_modules/agenda": {
      "resolved": "../../node_modules/.pnpm/agenda@5.0.0/node_modules/agenda",
      "link": true
    },
    "node_modules/dayjs": {
      "resolved": "../../node_modules/.pnpm/dayjs@1.11.7/node_modules/dayjs",
      "link": true
    },
    "node_modules/debug": {
      "resolved": "../../node_modules/.pnpm/debug@4.3.4/node_modules/debug",
      "link": true
    },
    "node_modules/dotenv-flow": {
      "resolved": "../../node_modules/.pnpm/dotenv-flow@4.0.0/node_modules/dotenv-flow",
      "link": true
    },
    "node_modules/fs-extra": {
      "resolved": "../../node_modules/.pnpm/fs-extra@11.1.1/node_modules/fs-extra",
      "link": true
    },
    "node_modules/glob": {
      "resolved": "../../node_modules/.pnpm/glob@10.3.4/node_modules/glob",
      "link": true
    },
    "node_modules/jest": {
      "resolved": "../../node_modules/.pnpm/jest@29.7.0_@types+node@20.5.9/node_modules/jest",
      "link": true
    },
    "node_modules/jsonwebtoken": {
      "resolved": "../../node_modules/.pnpm/jsonwebtoken@9.0.2/node_modules/jsonwebtoken",
      "link": true
    },
    "node_modules/koa": {
      "resolved": "../../node_modules/.pnpm/koa@2.14.2/node_modules/koa",
      "link": true
    },
    "node_modules/koa-body": {
      "resolved": "../../node_modules/.pnpm/koa-body@6.0.1/node_modules/koa-body",
      "link": true
    },
    "node_modules/koa-send": {
      "resolved": "../../node_modules/.pnpm/koa-send@5.0.1/node_modules/koa-send",
      "link": true
    },
    "node_modules/koa-static": {
      "resolved": "../../node_modules/.pnpm/koa-static@5.0.0/node_modules/koa-static",
      "link": true
    },
    "node_modules/lodash": {
      "resolved": "../../node_modules/.pnpm/lodash@4.17.21/node_modules/lodash",
      "link": true
    },
    "node_modules/minio": {
      "resolved": "../../node_modules/.pnpm/minio@7.0.33/node_modules/minio",
      "link": true
    },
    "node_modules/mongodb": {
      "resolved": "../../node_modules/.pnpm/mongodb@5.6.0/node_modules/mongodb",
      "link": true
    },
    "node_modules/neo4j-driver": {
      "resolved": "../../node_modules/.pnpm/neo4j-driver@4.4.2/node_modules/neo4j-driver",
      "link": true
    },
    "node_modules/prom-client": {
      "resolved": "../../node_modules/.pnpm/prom-client@15.0.0/node_modules/prom-client",
      "link": true
    },
    "node_modules/redis": {
      "resolved": "../../node_modules/.pnpm/redis@4.6.10/node_modules/redis",
      "link": true
    },
    "node_modules/rimraf": {
      "resolved": "../../node_modules/.pnpm/rimraf@5.0.1/node_modules/rimraf",
      "link": true
    },
    "node_modules/socket.io": {
      "resolved": "../../node_modules/.pnpm/socket.io@4.7.2/node_modules/socket.io",
      "link": true
    },
    "node_modules/swagger-jsdoc": {
      "resolved": "../../node_modules/.pnpm/swagger-jsdoc@6.2.1_openapi-types@12.1.0/node_modules/swagger-jsdoc",
      "link": true
    },
    "node_modules/uuid": {
      "resolved": "../../node_modules/.pnpm/uuid@9.0.0/node_modules/uuid",
      "link": true
    }
  }
}
